// !$*UTF8*$!
{
	archiveVersion = 1;
	classes = {
	};
	objectVersion = 56;
	objects = {

/* Begin PBXBuildFile section */
		4F1718BB2AAA722F001C047C /* RoomView.swift in Sources */ = {isa = PBXBuildFile; fileRef = 4F1718BA2AAA722F001C047C /* RoomView.swift */; };
		4F1718BD2AAA8CDA001C047C /* UserCell.swift in Sources */ = {isa = PBXBuildFile; fileRef = 4F1718BC2AAA8CDA001C047C /* UserCell.swift */; };
		4F1718BF2AAA8E27001C047C /* FollowersView.swift in Sources */ = {isa = PBXBuildFile; fileRef = 4F1718BE2AAA8E27001C047C /* FollowersView.swift */; };
		4FF417332AA9F51A00B93B49 /* ClubHouse_CloneApp.swift in Sources */ = {isa = PBXBuildFile; fileRef = 4FF417322AA9F51A00B93B49 /* ClubHouse_CloneApp.swift */; };
		4FF417352AA9F51A00B93B49 /* ContentView.swift in Sources */ = {isa = PBXBuildFile; fileRef = 4FF417342AA9F51A00B93B49 /* ContentView.swift */; };
		4FF417372AA9F51D00B93B49 /* Assets.xcassets in Resources */ = {isa = PBXBuildFile; fileRef = 4FF417362AA9F51D00B93B49 /* Assets.xcassets */; };
		4FF4173A2AA9F51D00B93B49 /* Preview Assets.xcassets in Resources */ = {isa = PBXBuildFile; fileRef = 4FF417392AA9F51D00B93B49 /* Preview Assets.xcassets */; };
		4FF417482AAA2E7B00B93B49 /* EventData.swift in Sources */ = {isa = PBXBuildFile; fileRef = 4FF417472AAA2E7B00B93B49 /* EventData.swift */; };
		4FF4174A2AAA2FE600B93B49 /* RoomCell.swift in Sources */ = {isa = PBXBuildFile; fileRef = 4FF417492AAA2FE600B93B49 /* RoomCell.swift */; };
		4FF4174C2AAA302100B93B49 /* EventCell.swift in Sources */ = {isa = PBXBuildFile; fileRef = 4FF4174B2AAA302100B93B49 /* EventCell.swift */; };
		4FF4174E2AAA370300B93B49 /* RoomData.swift in Sources */ = {isa = PBXBuildFile; fileRef = 4FF4174D2AAA370300B93B49 /* RoomData.swift */; };
		4FF417502AAA501900B93B49 /* Names.swift in Sources */ = {isa = PBXBuildFile; fileRef = 4FF4174F2AAA501900B93B49 /* Names.swift */; };
/* End PBXBuildFile section */

/* Begin PBXFileReference section */
		4F1718BA2AAA722F001C047C /* RoomView.swift */ = {isa = PBXFileReference; lastKnownFileType = sourcecode.swift; path = RoomView.swift; sourceTree = "<group>"; };
		4F1718BC2AAA8CDA001C047C /* UserCell.swift */ = {isa = PBXFileReference; lastKnownFileType = sourcecode.swift; path = UserCell.swift; sourceTree = "<group>"; };
		4F1718BE2AAA8E27001C047C /* FollowersView.swift */ = {isa = PBXFileReference; lastKnownFileType = sourcecode.swift; path = FollowersView.swift; sourceTree = "<group>"; };
		4FF4172F2AA9F51A00B93B49 /* ClubHouse-Clone.app */ = {isa = PBXFileReference; explicitFileType = wrapper.application; includeInIndex = 0; path = "ClubHouse-Clone.app"; sourceTree = BUILT_PRODUCTS_DIR; };
		4FF417322AA9F51A00B93B49 /* ClubHouse_CloneApp.swift */ = {isa = PBXFileReference; lastKnownFileType = sourcecode.swift; path = ClubHouse_CloneApp.swift; sourceTree = "<group>"; };
		4FF417342AA9F51A00B93B49 /* ContentView.swift */ = {isa = PBXFileReference; lastKnownFileType = sourcecode.swift; path = ContentView.swift; sourceTree = "<group>"; };
		4FF417362AA9F51D00B93B49 /* Assets.xcassets */ = {isa = PBXFileReference; lastKnownFileType = folder.assetcatalog; path = Assets.xcassets; sourceTree = "<group>"; };
		4FF417392AA9F51D00B93B49 /* Preview Assets.xcassets */ = {isa = PBXFileReference; lastKnownFileType = folder.assetcatalog; path = "Preview Assets.xcassets"; sourceTree = "<group>"; };
		4FF417472AAA2E7B00B93B49 /* EventData.swift */ = {isa = PBXFileReference; lastKnownFileType = sourcecode.swift; path = EventData.swift; sourceTree = "<group>"; };
		4FF417492AAA2FE600B93B49 /* RoomCell.swift */ = {isa = PBXFileReference; lastKnownFileType = sourcecode.swift; path = RoomCell.swift; sourceTree = "<group>"; };
		4FF4174B2AAA302100B93B49 /* EventCell.swift */ = {isa = PBXFileReference; lastKnownFileType = sourcecode.swift; path = EventCell.swift; sourceTree = "<group>"; };
		4FF4174D2AAA370300B93B49 /* RoomData.swift */ = {isa = PBXFileReference; lastKnownFileType = sourcecode.swift; path = RoomData.swift; sourceTree = "<group>"; };
		4FF4174F2AAA501900B93B49 /* Names.swift */ = {isa = PBXFileReference; lastKnownFileType = sourcecode.swift; path = Names.swift; sourceTree = "<group>"; };
/* End PBXFileReference section */

/* Begin PBXFrameworksBuildPhase section */
		4FF4172C2AA9F51A00B93B49 /* Frameworks */ = {
			isa = PBXFrameworksBuildPhase;
			buildActionMask = 2147483647;
			files = (
			);
			runOnlyForDeploymentPostprocessing = 0;
		};
/* End PBXFrameworksBuildPhase section */

/* Begin PBXGroup section */
		4FF417262AA9F51A00B93B49 = {
			isa = PBXGroup;
			children = (
				4FF417312AA9F51A00B93B49 /* ClubHouse-Clone */,
				4FF417302AA9F51A00B93B49 /* Products */,
			);
			sourceTree = "<group>";
		};
		4FF417302AA9F51A00B93B49 /* Products */ = {
			isa = PBXGroup;
			children = (
				4FF4172F2AA9F51A00B93B49 /* ClubHouse-Clone.app */,
			);
			name = Products;
			sourceTree = "<group>";
		};
		4FF417312AA9F51A00B93B49 /* ClubHouse-Clone */ = {
			isa = PBXGroup;
			children = (
				4FF417462AAA2E3B00B93B49 /* Models */,
				4FF417452AAA2E3600B93B49 /* Views */,
				4FF417322AA9F51A00B93B49 /* ClubHouse_CloneApp.swift */,
				4FF417362AA9F51D00B93B49 /* Assets.xcassets */,
				4FF417382AA9F51D00B93B49 /* Preview Content */,
			);
			path = "ClubHouse-Clone";
			sourceTree = "<group>";
		};
		4FF417382AA9F51D00B93B49 /* Preview Content */ = {
			isa = PBXGroup;
			children = (
				4FF417392AA9F51D00B93B49 /* Preview Assets.xcassets */,
			);
			path = "Preview Content";
			sourceTree = "<group>";
		};
		4FF417452AAA2E3600B93B49 /* Views */ = {
			isa = PBXGroup;
			children = (
				4FF4174B2AAA302100B93B49 /* EventCell.swift */,
				4FF417492AAA2FE600B93B49 /* RoomCell.swift */,
				4F1718BC2AAA8CDA001C047C /* UserCell.swift */,
				4FF417342AA9F51A00B93B49 /* ContentView.swift */,
				4F1718BA2AAA722F001C047C /* RoomView.swift */,
				4F1718BE2AAA8E27001C047C /* FollowersView.swift */,
			);
			path = Views;
			sourceTree = "<group>";
		};
		4FF417462AAA2E3B00B93B49 /* Models */ = {
			isa = PBXGroup;
			children = (
				4FF417472AAA2E7B00B93B49 /* EventData.swift */,
				4FF4174D2AAA370300B93B49 /* RoomData.swift */,
				4FF4174F2AAA501900B93B49 /* Names.swift */,
			);
			path = Models;
			sourceTree = "<group>";
		};
/* End PBXGroup section */

/* Begin PBXNativeTarget section */
		4FF4172E2AA9F51A00B93B49 /* ClubHouse-Clone */ = {
			isa = PBXNativeTarget;
			buildConfigurationList = 4FF4173D2AA9F51D00B93B49 /* Build configuration list for PBXNativeTarget "ClubHouse-Clone" */;
			buildPhases = (
				4FF4172B2AA9F51A00B93B49 /* Sources */,
				4FF4172C2AA9F51A00B93B49 /* Frameworks */,
				4FF4172D2AA9F51A00B93B49 /* Resources */,
			);
			buildRules = (
			);
			dependencies = (
			);
			name = "ClubHouse-Clone";
			productName = "ClubHouse-Clone";
			productReference = 4FF4172F2AA9F51A00B93B49 /* ClubHouse-Clone.app */;
			productType = "com.apple.product-type.application";
		};
/* End PBXNativeTarget section */

/* Begin PBXProject section */
		4FF417272AA9F51A00B93B49 /* Project object */ = {
			isa = PBXProject;
			attributes = {
				BuildIndependentTargetsInParallel = 1;
				LastSwiftUpdateCheck = 1430;
				LastUpgradeCheck = 1430;
				TargetAttributes = {
					4FF4172E2AA9F51A00B93B49 = {
						CreatedOnToolsVersion = 14.3.1;
					};
				};
			};
			buildConfigurationList = 4FF4172A2AA9F51A00B93B49 /* Build configuration list for PBXProject "ClubHouse-Clone" */;
			compatibilityVersion = "Xcode 14.0";
			developmentRegion = en;
			hasScannedForEncodings = 0;
			knownRegions = (
				en,
				Base,
			);
			mainGroup = 4FF417262AA9F51A00B93B49;
			productRefGroup = 4FF417302AA9F51A00B93B49 /* Products */;
			projectDirPath = "";
			projectRoot = "";
			targets = (
				4FF4172E2AA9F51A00B93B49 /* ClubHouse-Clone */,
			);
		};
/* End PBXProject section */

/* Begin PBXResourcesBuildPhase section */
		4FF4172D2AA9F51A00B93B49 /* Resources */ = {
			isa = PBXResourcesBuildPhase;
			buildActionMask = 2147483647;
			files = (
				4FF4173A2AA9F51D00B93B49 /* Preview Assets.xcassets in Resources */,
				4FF417372AA9F51D00B93B49 /* Assets.xcassets in Resources */,
			);
			runOnlyForDeploymentPostprocessing = 0;
		};
/* End PBXResourcesBuildPhase section */

/* Begin PBXSourcesBuildPhase section */
		4FF4172B2AA9F51A00B93B49 /* Sources */ = {
			isa = PBXSourcesBuildPhase;
			buildActionMask = 2147483647;
			files = (
				4FF4174E2AAA370300B93B49 /* RoomData.swift in Sources */,
				4F1718BB2AAA722F001C047C /* RoomView.swift in Sources */,
				4FF417352AA9F51A00B93B49 /* ContentView.swift in Sources */,
				4FF417502AAA501900B93B49 /* Names.swift in Sources */,
				4F1718BF2AAA8E27001C047C /* FollowersView.swift in Sources */,
				4FF417332AA9F51A00B93B49 /* ClubHouse_CloneApp.swift in Sources */,
				4F1718BD2AAA8CDA001C047C /* UserCell.swift in Sources */,
				4FF4174C2AAA302100B93B49 /* EventCell.swift in Sources */,
				4FF4174A2AAA2FE600B93B49 /* RoomCell.swift in Sources */,
				4FF417482AAA2E7B00B93B49 /* EventData.swift in Sources */,
			);
			runOnlyForDeploymentPostprocessing = 0;
		};
/* End PBXSourcesBuildPhase section */

/* Begin XCBuildConfiguration section */
		4FF4173B2AA9F51D00B93B49 /* Debug */ = {
			isa = XCBuildConfiguration;
			buildSettings = {
				ALWAYS_SEARCH_USER_PATHS = NO;
				CLANG_ANALYZER_NONNULL = YES;
				CLANG_ANALYZER_NUMBER_OBJECT_CONVERSION = YES_AGGRESSIVE;
				CLANG_CXX_LANGUAGE_STANDARD = "gnu++20";
				CLANG_ENABLE_MODULES = YES;
				CLANG_ENABLE_OBJC_ARC = YES;
				CLANG_ENABLE_OBJC_WEAK = YES;
				CLANG_WARN_BLOCK_CAPTURE_AUTORELEASING = YES;
				CLANG_WARN_BOOL_CONVERSION = YES;
				CLANG_WARN_COMMA = YES;
				CLANG_WARN_CONSTANT_CONVERSION = YES;
				CLANG_WARN_DEPRECATED_OBJC_IMPLEMENTATIONS = YES;
				CLANG_WARN_DIRECT_OBJC_ISA_USAGE = YES_ERROR;
				CLANG_WARN_DOCUMENTATION_COMMENTS = YES;
				CLANG_WARN_EMPTY_BODY = YES;
				CLANG_WARN_ENUM_CONVERSION = YES;
				CLANG_WARN_INFINITE_RECURSION = YES;
				CLANG_WARN_INT_CONVERSION = YES;
				CLANG_WARN_NON_LITERAL_NULL_CONVERSION = YES;
				CLANG_WARN_OBJC_IMPLICIT_RETAIN_SELF = YES;
				CLANG_WARN_OBJC_LITERAL_CONVERSION = YES;
				CLANG_WARN_OBJC_ROOT_CLASS = YES_ERROR;
				CLANG_WARN_QUOTED_INCLUDE_IN_FRAMEWORK_HEADER = YES;
				CLANG_WARN_RANGE_LOOP_ANALYSIS = YES;
				CLANG_WARN_STRICT_PROTOTYPES = YES;
				CLANG_WARN_SUSPICIOUS_MOVE = YES;
				CLANG_WARN_UNGUARDED_AVAILABILITY = YES_AGGRESSIVE;
				CLANG_WARN_UNREACHABLE_CODE = YES;
				CLANG_WARN__DUPLICATE_METHOD_MATCH = YES;
				COPY_PHASE_STRIP = NO;
				DEBUG_INFORMATION_FORMAT = dwarf;
				ENABLE_STRICT_OBJC_MSGSEND = YES;
				ENABLE_TESTABILITY = YES;
				GCC_C_LANGUAGE_STANDARD = gnu11;
				GCC_DYNAMIC_NO_PIC = NO;
				GCC_NO_COMMON_BLOCKS = YES;
				GCC_OPTIMIZATION_LEVEL = 0;
				GCC_PREPROCESSOR_DEFINITIONS = (
					"DEBUG=1",
					"$(inherited)",
				);
				GCC_WARN_64_TO_32_BIT_CONVERSION = YES;
				GCC_WARN_ABOUT_RETURN_TYPE = YES_ERROR;
				GCC_WARN_UNDECLARED_SELECTOR = YES;
				GCC_WARN_UNINITIALIZED_AUTOS = YES_AGGRESSIVE;
				GCC_WARN_UNUSED_FUNCTION = YES;
				GCC_WARN_UNUSED_VARIABLE = YES;
				IPHONEOS_DEPLOYMENT_TARGET = 16.4;
				MTL_ENABLE_DEBUG_INFO = INCLUDE_SOURCE;
				MTL_FAST_MATH = YES;
				ONLY_ACTIVE_ARCH = YES;
				SDKROOT = iphoneos;
				SWIFT_ACTIVE_COMPILATION_CONDITIONS = DEBUG;
				SWIFT_OPTIMIZATION_LEVEL = "-Onone";
			};
			name = Debug;
		};
		4FF4173C2AA9F51D00B93B49 /* Release */ = {
			isa = XCBuildConfiguration;
			buildSettings = {
				ALWAYS_SEARCH_USER_PATHS = NO;
				CLANG_ANALYZER_NONNULL = YES;
				CLANG_ANALYZER_NUMBER_OBJECT_CONVERSION = YES_AGGRESSIVE;
				CLANG_CXX_LANGUAGE_STANDARD = "gnu++20";
				CLANG_ENABLE_MODULES = YES;
				CLANG_ENABLE_OBJC_ARC = YES;
				CLANG_ENABLE_OBJC_WEAK = YES;
				CLANG_WARN_BLOCK_CAPTURE_AUTORELEASING = YES;
				CLANG_WARN_BOOL_CONVERSION = YES;
				CLANG_WARN_COMMA = YES;
				CLANG_WARN_CONSTANT_CONVERSION = YES;
				CLANG_WARN_DEPRECATED_OBJC_IMPLEMENTATIONS = YES;
				CLANG_WARN_DIRECT_OBJC_ISA_USAGE = YES_ERROR;
				CLANG_WARN_DOCUMENTATION_COMMENTS = YES;
				CLANG_WARN_EMPTY_BODY = YES;
				CLANG_WARN_ENUM_CONVERSION = YES;
				CLANG_WARN_INFINITE_RECURSION = YES;
				CLANG_WARN_INT_CONVERSION = YES;
				CLANG_WARN_NON_LITERAL_NULL_CONVERSION = YES;
				CLANG_WARN_OBJC_IMPLICIT_RETAIN_SELF = YES;
				CLANG_WARN_OBJC_LITERAL_CONVERSION = YES;
				CLANG_WARN_OBJC_ROOT_CLASS = YES_ERROR;
				CLANG_WARN_QUOTED_INCLUDE_IN_FRAMEWORK_HEADER = YES;
				CLANG_WARN_RANGE_LOOP_ANALYSIS = YES;
				CLANG_WARN_STRICT_PROTOTYPES = YES;
				CLANG_WARN_SUSPICIOUS_MOVE = YES;
				CLANG_WARN_UNGUARDED_AVAILABILITY = YES_AGGRESSIVE;
				CLANG_WARN_UNREACHABLE_CODE = YES;
				CLANG_WARN__DUPLICATE_METHOD_MATCH = YES;
				COPY_PHASE_STRIP = NO;
				DEBUG_INFORMATION_FORMAT = "dwarf-with-dsym";
				ENABLE_NS_ASSERTIONS = NO;
				ENABLE_STRICT_OBJC_MSGSEND = YES;
				GCC_C_LANGUAGE_STANDARD = gnu11;
				GCC_NO_COMMON_BLOCKS = YES;
				GCC_WARN_64_TO_32_BIT_CONVERSION = YES;
				GCC_WARN_ABOUT_RETURN_TYPE = YES_ERROR;
				GCC_WARN_UNDECLARED_SELECTOR = YES;
				GCC_WARN_UNINITIALIZED_AUTOS = YES_AGGRESSIVE;
				GCC_WARN_UNUSED_FUNCTION = YES;
				GCC_WARN_UNUSED_VARIABLE = YES;
				IPHONEOS_DEPLOYMENT_TARGET = 16.4;
				MTL_ENABLE_DEBUG_INFO = NO;
				MTL_FAST_MATH = YES;
				SDKROOT = iphoneos;
				SWIFT_COMPILATION_MODE = wholemodule;
				SWIFT_OPTIMIZATION_LEVEL = "-O";
				VALIDATE_PRODUCT = YES;
			};
			name = Release;
		};
		4FF4173E2AA9F51D00B93B49 /* Debug */ = {
			isa = XCBuildConfiguration;
			buildSettings = {
				ASSETCATALOG_COMPILER_APPICON_NAME = AppIcon;
				ASSETCATALOG_COMPILER_GLOBAL_ACCENT_COLOR_NAME = AccentColor;
				CODE_SIGN_STYLE = Automatic;
				CURRENT_PROJECT_VERSION = 1;
				DEVELOPMENT_ASSET_PATHS = "\"ClubHouse-Clone/Preview Content\"";
				DEVELOPMENT_TEAM = 4C4KZRT7P4;
				ENABLE_PREVIEWS = YES;
				GENERATE_INFOPLIST_FILE = YES;
				INFOPLIST_KEY_UIApplicationSceneManifest_Generation = YES;
				INFOPLIST_KEY_UIApplicationSupportsIndirectInputEvents = YES;
				INFOPLIST_KEY_UILaunchScreen_Generation = YES;
				INFOPLIST_KEY_UISupportedInterfaceOrientations_iPad = "UIInterfaceOrientationPortrait UIInterfaceOrientationPortraitUpsideDown UIInterfaceOrientationLandscapeLeft UIInterfaceOrientationLandscapeRight";
				INFOPLIST_KEY_UISupportedInterfaceOrientations_iPhone = "UIInterfaceOrientationPortrait UIInterfaceOrientationLandscapeLeft UIInterfaceOrientationLandscapeRight";
				LD_RUNPATH_SEARCH_PATHS = (
					"$(inherited)",
					"@executable_path/Frameworks",
				);
				MARKETING_VERSION = 1.0;
				PRODUCT_BUNDLE_IDENTIFIER = "test-host.ClubHouse-Clone";
				PRODUCT_NAME = "$(TARGET_NAME)";
				SWIFT_EMIT_LOC_STRINGS = YES;
				SWIFT_VERSION = 5.0;
				TARGETED_DEVICE_FAMILY = "1,2";
			};
			name = Debug;
		};
		4FF4173F2AA9F51D00B93B49 /* Release */ = {
			isa = XCBuildConfiguration;
			buildSettings = {
				ASSETCATALOG_COMPILER_APPICON_NAME = AppIcon;
				ASSETCATALOG_COMPILER_GLOBAL_ACCENT_COLOR_NAME = AccentColor;
				CODE_SIGN_STYLE = Automatic;
				CURRENT_PROJECT_VERSION = 1;
				DEVELOPMENT_ASSET_PATHS = "\"ClubHouse-Clone/Preview Content\"";
				DEVELOPMENT_TEAM = 4C4KZRT7P4;
				ENABLE_PREVIEWS = YES;
				GENERATE_INFOPLIST_FILE = YES;
				INFOPLIST_KEY_UIApplicationSceneManifest_Generation = YES;
				INFOPLIST_KEY_UIApplicationSupportsIndirectInputEvents = YES;
				INFOPLIST_KEY_UILaunchScreen_Generation = YES;
				INFOPLIST_KEY_UISupportedInterfaceOrientations_iPad = "UIInterfaceOrientationPortrait UIInterfaceOrientationPortraitUpsideDown UIInterfaceOrientationLandscapeLeft UIInterfaceOrientationLandscapeRight";
				INFOPLIST_KEY_UISupportedInterfaceOrientations_iPhone = "UIInterfaceOrientationPortrait UIInterfaceOrientationLandscapeLeft UIInterfaceOrientationLandscapeRight";
				LD_RUNPATH_SEARCH_PATHS = (
					"$(inherited)",
					"@executable_path/Frameworks",
				);
				MARKETING_VERSION = 1.0;
				PRODUCT_BUNDLE_IDENTIFIER = "test-host.ClubHouse-Clone";
				PRODUCT_NAME = "$(TARGET_NAME)";
				SWIFT_EMIT_LOC_STRINGS = YES;
				SWIFT_VERSION = 5.0;
				TARGETED_DEVICE_FAMILY = "1,2";
			};
			name = Release;
		};
/* End XCBuildConfiguration section */

/* Begin XCConfigurationList section */
		4FF4172A2AA9F51A00B93B49 /* Build configuration list for PBXProject "ClubHouse-Clone" */ = {
			isa = XCConfigurationList;
			buildConfigurations = (
				4FF4173B2AA9F51D00B93B49 /* Debug */,
				4FF4173C2AA9F51D00B93B49 /* Release */,
			);
			defaultConfigurationIsVisible = 0;
			defaultConfigurationName = Release;
		};
		4FF4173D2AA9F51D00B93B49 /* Build configuration list for PBXNativeTarget "ClubHouse-Clone" */ = {
			isa = XCConfigurationList;
			buildConfigurations = (
				4FF4173E2AA9F51D00B93B49 /* Debug */,
				4FF4173F2AA9F51D00B93B49 /* Release */,
			);
			defaultConfigurationIsVisible = 0;
			defaultConfigurationName = Release;
		};
/* End XCConfigurationList section */
	};
	rootObject = 4FF417272AA9F51A00B93B49 /* Project object */;
}
